// !$*UTF8*$!
{
	archiveVersion = 1;
	classes = {
	};
	objectVersion = 77;
	objects = {

/* Begin PBXContainerItemProxy section */
		915C9EF22D09918A00EA3D81 /* PBXContainerItemProxy */ = {
			isa = PBXContainerItemProxy;
			containerPortal = 915C9ED92D09918800EA3D81 /* Project object */;
			proxyType = 1;
			remoteGlobalIDString = 915C9EE02D09918800EA3D81;
			remoteInfo = DriveMate;
		};
		915C9EFC2D09918A00EA3D81 /* PBXContainerItemProxy */ = {
			isa = PBXContainerItemProxy;
			containerPortal = 915C9ED92D09918800EA3D81 /* Project object */;
			proxyType = 1;
			remoteGlobalIDString = 915C9EE02D09918800EA3D81;
			remoteInfo = DriveMate;
		};
/* End PBXContainerItemProxy section */

/* Begin PBXFileReference section */
		915C9EE12D09918800EA3D81 /* DriveMate.app */ = {isa = PBXFileReference; explicitFileType = wrapper.application; includeInIndex = 0; path = DriveMate.app; sourceTree = BUILT_PRODUCTS_DIR; };
		915C9EF12D09918A00EA3D81 /* DriveMateTests.xctest */ = {isa = PBXFileReference; explicitFileType = wrapper.cfbundle; includeInIndex = 0; path = DriveMateTests.xctest; sourceTree = BUILT_PRODUCTS_DIR; };
		915C9EFB2D09918A00EA3D81 /* DriveMateUITests.xctest */ = {isa = PBXFileReference; explicitFileType = wrapper.cfbundle; includeInIndex = 0; path = DriveMateUITests.xctest; sourceTree = BUILT_PRODUCTS_DIR; };
/* End PBXFileReference section */

/* Begin PBXFileSystemSynchronizedRootGroup section */
		915C9EE32D09918800EA3D81 /* DriveMate */ = {
			isa = PBXFileSystemSynchronizedRootGroup;
			path = DriveMate;
			sourceTree = "<group>";
		};
		915C9EF42D09918A00EA3D81 /* DriveMateTests */ = {
			isa = PBXFileSystemSynchronizedRootGroup;
			path = DriveMateTests;
			sourceTree = "<group>";
		};
		915C9EFE2D09918A00EA3D81 /* DriveMateUITests */ = {
			isa = PBXFileSystemSynchronizedRootGroup;
			path = DriveMateUITests;
			sourceTree = "<group>";
		};
/* End PBXFileSystemSynchronizedRootGroup section */

/* Begin PBXFrameworksBuildPhase section */
		915C9EDE2D09918800EA3D81 /* Frameworks */ = {
			isa = PBXFrameworksBuildPhase;
			buildActionMask = 2147483647;
			files = (
			);
			runOnlyForDeploymentPostprocessing = 0;
		};
		915C9EEE2D09918A00EA3D81 /* Frameworks */ = {
			isa = PBXFrameworksBuildPhase;
			buildActionMask = 2147483647;
			files = (
			);
			runOnlyForDeploymentPostprocessing = 0;
		};
		915C9EF82D09918A00EA3D81 /* Frameworks */ = {
			isa = PBXFrameworksBuildPhase;
			buildActionMask = 2147483647;
			files = (
			);
			runOnlyForDeploymentPostprocessing = 0;
		};
/* End PBXFrameworksBuildPhase section */

/* Begin PBXGroup section */
		915C9ED82D09918800EA3D81 = {
			isa = PBXGroup;
			children = (
				915C9EE32D09918800EA3D81 /* DriveMate */,
				915C9EF42D09918A00EA3D81 /* DriveMateTests */,
				915C9EFE2D09918A00EA3D81 /* DriveMateUITests */,
				915C9EE22D09918800EA3D81 /* Products */,
			);
			sourceTree = "<group>";
		};
		915C9EE22D09918800EA3D81 /* Products */ = {
			isa = PBXGroup;
			children = (
				915C9EE12D09918800EA3D81 /* DriveMate.app */,
				915C9EF12D09918A00EA3D81 /* DriveMateTests.xctest */,
				915C9EFB2D09918A00EA3D81 /* DriveMateUITests.xctest */,
			);
			name = Products;
			sourceTree = "<group>";
		};
/* End PBXGroup section */

/* Begin PBXNativeTarget section */
		915C9EE02D09918800EA3D81 /* DriveMate */ = {
			isa = PBXNativeTarget;
			buildConfigurationList = 915C9F052D09918A00EA3D81 /* Build configuration list for PBXNativeTarget "DriveMate" */;
			buildPhases = (
				915C9EDD2D09918800EA3D81 /* Sources */,
				915C9EDE2D09918800EA3D81 /* Frameworks */,
				915C9EDF2D09918800EA3D81 /* Resources */,
			);
			buildRules = (
			);
			dependencies = (
			);
			fileSystemSynchronizedGroups = (
				915C9EE32D09918800EA3D81 /* DriveMate */,
			);
			name = DriveMate;
			packageProductDependencies = (
			);
			productName = DriveMate;
			productReference = 915C9EE12D09918800EA3D81 /* DriveMate.app */;
			productType = "com.apple.product-type.application";
		};
		915C9EF02D09918A00EA3D81 /* DriveMateTests */ = {
			isa = PBXNativeTarget;
			buildConfigurationList = 915C9F082D09918A00EA3D81 /* Build configuration list for PBXNativeTarget "DriveMateTests" */;
			buildPhases = (
				915C9EED2D09918A00EA3D81 /* Sources */,
				915C9EEE2D09918A00EA3D81 /* Frameworks */,
				915C9EEF2D09918A00EA3D81 /* Resources */,
			);
			buildRules = (
			);
			dependencies = (
				915C9EF32D09918A00EA3D81 /* PBXTargetDependency */,
			);
			fileSystemSynchronizedGroups = (
				915C9EF42D09918A00EA3D81 /* DriveMateTests */,
			);
			name = DriveMateTests;
			packageProductDependencies = (
			);
			productName = DriveMateTests;
			productReference = 915C9EF12D09918A00EA3D81 /* DriveMateTests.xctest */;
			productType = "com.apple.product-type.bundle.unit-test";
		};
		915C9EFA2D09918A00EA3D81 /* DriveMateUITests */ = {
			isa = PBXNativeTarget;
			buildConfigurationList = 915C9F0B2D09918A00EA3D81 /* Build configuration list for PBXNativeTarget "DriveMateUITests" */;
			buildPhases = (
				915C9EF72D09918A00EA3D81 /* Sources */,
				915C9EF82D09918A00EA3D81 /* Frameworks */,
				915C9EF92D09918A00EA3D81 /* Resources */,
			);
			buildRules = (
			);
			dependencies = (
				915C9EFD2D09918A00EA3D81 /* PBXTargetDependency */,
			);
			fileSystemSynchronizedGroups = (
				915C9EFE2D09918A00EA3D81 /* DriveMateUITests */,
			);
			name = DriveMateUITests;
			packageProductDependencies = (
			);
			productName = DriveMateUITests;
			productReference = 915C9EFB2D09918A00EA3D81 /* DriveMateUITests.xctest */;
			productType = "com.apple.product-type.bundle.ui-testing";
		};
/* End PBXNativeTarget section */

/* Begin PBXProject section */
		915C9ED92D09918800EA3D81 /* Project object */ = {
			isa = PBXProject;
			attributes = {
				BuildIndependentTargetsInParallel = 1;
				LastSwiftUpdateCheck = 1600;
				LastUpgradeCheck = 1600;
				TargetAttributes = {
					915C9EE02D09918800EA3D81 = {
						CreatedOnToolsVersion = 16.0;
					};
					915C9EF02D09918A00EA3D81 = {
						CreatedOnToolsVersion = 16.0;
						TestTargetID = 915C9EE02D09918800EA3D81;
					};
					915C9EFA2D09918A00EA3D81 = {
						CreatedOnToolsVersion = 16.0;
						TestTargetID = 915C9EE02D09918800EA3D81;
					};
				};
			};
			buildConfigurationList = 915C9EDC2D09918800EA3D81 /* Build configuration list for PBXProject "DriveMate" */;
			developmentRegion = en;
			hasScannedForEncodings = 0;
			knownRegions = (
				en,
				Base,
			);
			mainGroup = 915C9ED82D09918800EA3D81;
			minimizedProjectReferenceProxies = 1;
			preferredProjectObjectVersion = 77;
			productRefGroup = 915C9EE22D09918800EA3D81 /* Products */;
			projectDirPath = "";
			projectRoot = "";
			targets = (
				915C9EE02D09918800EA3D81 /* DriveMate */,
				915C9EF02D09918A00EA3D81 /* DriveMateTests */,
				915C9EFA2D09918A00EA3D81 /* DriveMateUITests */,
			);
		};
/* End PBXProject section */

/* Begin PBXResourcesBuildPhase section */
		915C9EDF2D09918800EA3D81 /* Resources */ = {
			isa = PBXResourcesBuildPhase;
			buildActionMask = 2147483647;
			files = (
			);
			runOnlyForDeploymentPostprocessing = 0;
		};
		915C9EEF2D09918A00EA3D81 /* Resources */ = {
			isa = PBXResourcesBuildPhase;
			buildActionMask = 2147483647;
			files = (
			);
			runOnlyForDeploymentPostprocessing = 0;
		};
		915C9EF92D09918A00EA3D81 /* Resources */ = {
			isa = PBXResourcesBuildPhase;
			buildActionMask = 2147483647;
			files = (
			);
			runOnlyForDeploymentPostprocessing = 0;
		};
/* End PBXResourcesBuildPhase section */

/* Begin PBXSourcesBuildPhase section */
		915C9EDD2D09918800EA3D81 /* Sources */ = {
			isa = PBXSourcesBuildPhase;
			buildActionMask = 2147483647;
			files = (
			);
			runOnlyForDeploymentPostprocessing = 0;
		};
		915C9EED2D09918A00EA3D81 /* Sources */ = {
			isa = PBXSourcesBuildPhase;
			buildActionMask = 2147483647;
			files = (
			);
			runOnlyForDeploymentPostprocessing = 0;
		};
		915C9EF72D09918A00EA3D81 /* Sources */ = {
			isa = PBXSourcesBuildPhase;
			buildActionMask = 2147483647;
			files = (
			);
			runOnlyForDeploymentPostprocessing = 0;
		};
/* End PBXSourcesBuildPhase section */

/* Begin PBXTargetDependency section */
		915C9EF32D09918A00EA3D81 /* PBXTargetDependency */ = {
			isa = PBXTargetDependency;
			target = 915C9EE02D09918800EA3D81 /* DriveMate */;
			targetProxy = 915C9EF22D09918A00EA3D81 /* PBXContainerItemProxy */;
		};
		915C9EFD2D09918A00EA3D81 /* PBXTargetDependency */ = {
			isa = PBXTargetDependency;
			target = 915C9EE02D09918800EA3D81 /* DriveMate */;
			targetProxy = 915C9EFC2D09918A00EA3D81 /* PBXContainerItemProxy */;
		};
/* End PBXTargetDependency section */

/* Begin XCBuildConfiguration section */
		915C9F032D09918A00EA3D81 /* Debug */ = {
			isa = XCBuildConfiguration;
			buildSettings = {
				ALWAYS_SEARCH_USER_PATHS = NO;
				ASSETCATALOG_COMPILER_GENERATE_SWIFT_ASSET_SYMBOL_EXTENSIONS = YES;
				CLANG_ANALYZER_NONNULL = YES;
				CLANG_ANALYZER_NUMBER_OBJECT_CONVERSION = YES_AGGRESSIVE;
				CLANG_CXX_LANGUAGE_STANDARD = "gnu++20";
				CLANG_ENABLE_MODULES = YES;
				CLANG_ENABLE_OBJC_ARC = YES;
				CLANG_ENABLE_OBJC_WEAK = YES;
				CLANG_WARN_BLOCK_CAPTURE_AUTORELEASING = YES;
				CLANG_WARN_BOOL_CONVERSION = YES;
				CLANG_WARN_COMMA = YES;
				CLANG_WARN_CONSTANT_CONVERSION = YES;
				CLANG_WARN_DEPRECATED_OBJC_IMPLEMENTATIONS = YES;
				CLANG_WARN_DIRECT_OBJC_ISA_USAGE = YES_ERROR;
				CLANG_WARN_DOCUMENTATION_COMMENTS = YES;
				CLANG_WARN_EMPTY_BODY = YES;
				CLANG_WARN_ENUM_CONVERSION = YES;
				CLANG_WARN_INFINITE_RECURSION = YES;
				CLANG_WARN_INT_CONVERSION = YES;
				CLANG_WARN_NON_LITERAL_NULL_CONVERSION = YES;
				CLANG_WARN_OBJC_IMPLICIT_RETAIN_SELF = YES;
				CLANG_WARN_OBJC_LITERAL_CONVERSION = YES;
				CLANG_WARN_OBJC_ROOT_CLASS = YES_ERROR;
				CLANG_WARN_QUOTED_INCLUDE_IN_FRAMEWORK_HEADER = YES;
				CLANG_WARN_RANGE_LOOP_ANALYSIS = YES;
				CLANG_WARN_STRICT_PROTOTYPES = YES;
				CLANG_WARN_SUSPICIOUS_MOVE = YES;
				CLANG_WARN_UNGUARDED_AVAILABILITY = YES_AGGRESSIVE;
				CLANG_WARN_UNREACHABLE_CODE = YES;
				CLANG_WARN__DUPLICATE_METHOD_MATCH = YES;
				COPY_PHASE_STRIP = NO;
				DEBUG_INFORMATION_FORMAT = dwarf;
				ENABLE_STRICT_OBJC_MSGSEND = YES;
				ENABLE_TESTABILITY = YES;
				ENABLE_USER_SCRIPT_SANDBOXING = YES;
				GCC_C_LANGUAGE_STANDARD = gnu17;
				GCC_DYNAMIC_NO_PIC = NO;
				GCC_NO_COMMON_BLOCKS = YES;
				GCC_OPTIMIZATION_LEVEL = 0;
				GCC_PREPROCESSOR_DEFINITIONS = (
					"DEBUG=1",
					"$(inherited)",
				);
				GCC_WARN_64_TO_32_BIT_CONVERSION = YES;
				GCC_WARN_ABOUT_RETURN_TYPE = YES_ERROR;
				GCC_WARN_UNDECLARED_SELECTOR = YES;
				GCC_WARN_UNINITIALIZED_AUTOS = YES_AGGRESSIVE;
				GCC_WARN_UNUSED_FUNCTION = YES;
				GCC_WARN_UNUSED_VARIABLE = YES;
				IPHONEOS_DEPLOYMENT_TARGET = 18.0;
				LOCALIZATION_PREFERS_STRING_CATALOGS = YES;
				MTL_ENABLE_DEBUG_INFO = INCLUDE_SOURCE;
				MTL_FAST_MATH = YES;
				ONLY_ACTIVE_ARCH = YES;
				SDKROOT = iphoneos;
				SWIFT_ACTIVE_COMPILATION_CONDITIONS = "DEBUG $(inherited)";
				SWIFT_OPTIMIZATION_LEVEL = "-Onone";
			};
			name = Debug;
		};
		915C9F042D09918A00EA3D81 /* Release */ = {
			isa = XCBuildConfiguration;
			buildSettings = {
				ALWAYS_SEARCH_USER_PATHS = NO;
				ASSETCATALOG_COMPILER_GENERATE_SWIFT_ASSET_SYMBOL_EXTENSIONS = YES;
				CLANG_ANALYZER_NONNULL = YES;
				CLANG_ANALYZER_NUMBER_OBJECT_CONVERSION = YES_AGGRESSIVE;
				CLANG_CXX_LANGUAGE_STANDARD = "gnu++20";
				CLANG_ENABLE_MODULES = YES;
				CLANG_ENABLE_OBJC_ARC = YES;
				CLANG_ENABLE_OBJC_WEAK = YES;
				CLANG_WARN_BLOCK_CAPTURE_AUTORELEASING = YES;
				CLANG_WARN_BOOL_CONVERSION = YES;
				CLANG_WARN_COMMA = YES;
				CLANG_WARN_CONSTANT_CONVERSION = YES;
				CLANG_WARN_DEPRECATED_OBJC_IMPLEMENTATIONS = YES;
				CLANG_WARN_DIRECT_OBJC_ISA_USAGE = YES_ERROR;
				CLANG_WARN_DOCUMENTATION_COMMENTS = YES;
				CLANG_WARN_EMPTY_BODY = YES;
				CLANG_WARN_ENUM_CONVERSION = YES;
				CLANG_WARN_INFINITE_RECURSION = YES;
				CLANG_WARN_INT_CONVERSION = YES;
				CLANG_WARN_NON_LITERAL_NULL_CONVERSION = YES;
				CLANG_WARN_OBJC_IMPLICIT_RETAIN_SELF = YES;
				CLANG_WARN_OBJC_LITERAL_CONVERSION = YES;
				CLANG_WARN_OBJC_ROOT_CLASS = YES_ERROR;
				CLANG_WARN_QUOTED_INCLUDE_IN_FRAMEWORK_HEADER = YES;
				CLANG_WARN_RANGE_LOOP_ANALYSIS = YES;
				CLANG_WARN_STRICT_PROTOTYPES = YES;
				CLANG_WARN_SUSPICIOUS_MOVE = YES;
				CLANG_WARN_UNGUARDED_AVAILABILITY = YES_AGGRESSIVE;
				CLANG_WARN_UNREACHABLE_CODE = YES;
				CLANG_WARN__DUPLICATE_METHOD_MATCH = YES;
				COPY_PHASE_STRIP = NO;
				DEBUG_INFORMATION_FORMAT = "dwarf-with-dsym";
				ENABLE_NS_ASSERTIONS = NO;
				ENABLE_STRICT_OBJC_MSGSEND = YES;
				ENABLE_USER_SCRIPT_SANDBOXING = YES;
				GCC_C_LANGUAGE_STANDARD = gnu17;
				GCC_NO_COMMON_BLOCKS = YES;
				GCC_WARN_64_TO_32_BIT_CONVERSION = YES;
				GCC_WARN_ABOUT_RETURN_TYPE = YES_ERROR;
				GCC_WARN_UNDECLARED_SELECTOR = YES;
				GCC_WARN_UNINITIALIZED_AUTOS = YES_AGGRESSIVE;
				GCC_WARN_UNUSED_FUNCTION = YES;
				GCC_WARN_UNUSED_VARIABLE = YES;
				IPHONEOS_DEPLOYMENT_TARGET = 18.0;
				LOCALIZATION_PREFERS_STRING_CATALOGS = YES;
				MTL_ENABLE_DEBUG_INFO = NO;
				MTL_FAST_MATH = YES;
				SDKROOT = iphoneos;
				SWIFT_COMPILATION_MODE = wholemodule;
				VALIDATE_PRODUCT = YES;
			};
			name = Release;
		};
		915C9F062D09918A00EA3D81 /* Debug */ = {
			isa = XCBuildConfiguration;
			buildSettings = {
				ASSETCATALOG_COMPILER_APPICON_NAME = AppIcon;
				ASSETCATALOG_COMPILER_GLOBAL_ACCENT_COLOR_NAME = AccentColor;
				CODE_SIGN_STYLE = Automatic;
				CURRENT_PROJECT_VERSION = 1;
				DEVELOPMENT_ASSET_PATHS = "\"DriveMate/Preview Content\"";
				DEVELOPMENT_TEAM = 345FY7Y564;
				ENABLE_PREVIEWS = YES;
				GENERATE_INFOPLIST_FILE = YES;
				INFOPLIST_KEY_UIApplicationSceneManifest_Generation = YES;
				INFOPLIST_KEY_UIApplicationSupportsIndirectInputEvents = YES;
				INFOPLIST_KEY_UILaunchScreen_Generation = YES;
				INFOPLIST_KEY_UISupportedInterfaceOrientations_iPad = "UIInterfaceOrientationPortrait UIInterfaceOrientationPortraitUpsideDown UIInterfaceOrientationLandscapeLeft UIInterfaceOrientationLandscapeRight";
				INFOPLIST_KEY_UISupportedInterfaceOrientations_iPhone = "UIInterfaceOrientationPortrait UIInterfaceOrientationLandscapeLeft UIInterfaceOrientationLandscapeRight";
				LD_RUNPATH_SEARCH_PATHS = (
					"$(inherited)",
					"@executable_path/Frameworks",
				);
				MARKETING_VERSION = 1.0;
				PRODUCT_BUNDLE_IDENTIFIER = azmal.DriveMate;
				PRODUCT_NAME = "$(TARGET_NAME)";
				SWIFT_EMIT_LOC_STRINGS = YES;
				SWIFT_VERSION = 5.0;
				TARGETED_DEVICE_FAMILY = "1,2";
			};
			name = Debug;
		};
		915C9F072D09918A00EA3D81 /* Release */ = {
			isa = XCBuildConfiguration;
			buildSettings = {
				ASSETCATALOG_COMPILER_APPICON_NAME = AppIcon;
				ASSETCATALOG_COMPILER_GLOBAL_ACCENT_COLOR_NAME = AccentColor;
				CODE_SIGN_STYLE = Automatic;
				CURRENT_PROJECT_VERSION = 1;
				DEVELOPMENT_ASSET_PATHS = "\"DriveMate/Preview Content\"";
				DEVELOPMENT_TEAM = 345FY7Y564;
				ENABLE_PREVIEWS = YES;
				GENERATE_INFOPLIST_FILE = YES;
				INFOPLIST_KEY_UIApplicationSceneManifest_Generation = YES;
				INFOPLIST_KEY_UIApplicationSupportsIndirectInputEvents = YES;
				INFOPLIST_KEY_UILaunchScreen_Generation = YES;
				INFOPLIST_KEY_UISupportedInterfaceOrientations_iPad = "UIInterfaceOrientationPortrait UIInterfaceOrientationPortraitUpsideDown UIInterfaceOrientationLandscapeLeft UIInterfaceOrientationLandscapeRight";
				INFOPLIST_KEY_UISupportedInterfaceOrientations_iPhone = "UIInterfaceOrientationPortrait UIInterfaceOrientationLandscapeLeft UIInterfaceOrientationLandscapeRight";
				LD_RUNPATH_SEARCH_PATHS = (
					"$(inherited)",
					"@executable_path/Frameworks",
				);
				MARKETING_VERSION = 1.0;
				PRODUCT_BUNDLE_IDENTIFIER = azmal.DriveMate;
				PRODUCT_NAME = "$(TARGET_NAME)";
				SWIFT_EMIT_LOC_STRINGS = YES;
				SWIFT_VERSION = 5.0;
				TARGETED_DEVICE_FAMILY = "1,2";
			};
			name = Release;
		};
		915C9F092D09918A00EA3D81 /* Debug */ = {
			isa = XCBuildConfiguration;
			buildSettings = {
				BUNDLE_LOADER = "$(TEST_HOST)";
				CODE_SIGN_STYLE = Automatic;
				CURRENT_PROJECT_VERSION = 1;
				DEVELOPMENT_TEAM = 345FY7Y564;
				GENERATE_INFOPLIST_FILE = YES;
				IPHONEOS_DEPLOYMENT_TARGET = 18.0;
				MARKETING_VERSION = 1.0;
				PRODUCT_BUNDLE_IDENTIFIER = azmal.DriveMateTests;
				PRODUCT_NAME = "$(TARGET_NAME)";
				SWIFT_EMIT_LOC_STRINGS = NO;
				SWIFT_VERSION = 5.0;
				TARGETED_DEVICE_FAMILY = "1,2";
				TEST_HOST = "$(BUILT_PRODUCTS_DIR)/DriveMate.app/$(BUNDLE_EXECUTABLE_FOLDER_PATH)/DriveMate";
			};
			name = Debug;
		};
		915C9F0A2D09918A00EA3D81 /* Release */ = {
			isa = XCBuildConfiguration;
			buildSettings = {
				BUNDLE_LOADER = "$(TEST_HOST)";
				CODE_SIGN_STYLE = Automatic;
				CURRENT_PROJECT_VERSION = 1;
				DEVELOPMENT_TEAM = 345FY7Y564;
				GENERATE_INFOPLIST_FILE = YES;
				IPHONEOS_DEPLOYMENT_TARGET = 18.0;
				MARKETING_VERSION = 1.0;
				PRODUCT_BUNDLE_IDENTIFIER = azmal.DriveMateTests;
				PRODUCT_NAME = "$(TARGET_NAME)";
				SWIFT_EMIT_LOC_STRINGS = NO;
				SWIFT_VERSION = 5.0;
				TARGETED_DEVICE_FAMILY = "1,2";
				TEST_HOST = "$(BUILT_PRODUCTS_DIR)/DriveMate.app/$(BUNDLE_EXECUTABLE_FOLDER_PATH)/DriveMate";
			};
			name = Release;
		};
		915C9F0C2D09918A00EA3D81 /* Debug */ = {
			isa = XCBuildConfiguration;
			buildSettings = {
				CODE_SIGN_STYLE = Automatic;
				CURRENT_PROJECT_VERSION = 1;
				DEVELOPMENT_TEAM = 345FY7Y564;
				GENERATE_INFOPLIST_FILE = YES;
				MARKETING_VERSION = 1.0;
				PRODUCT_BUNDLE_IDENTIFIER = azmal.DriveMateUITests;
				PRODUCT_NAME = "$(TARGET_NAME)";
				SWIFT_EMIT_LOC_STRINGS = NO;
				SWIFT_VERSION = 5.0;
				TARGETED_DEVICE_FAMILY = "1,2";
				TEST_TARGET_NAME = DriveMate;
			};
			name = Debug;
		};
		915C9F0D2D09918A00EA3D81 /* Release */ = {
			isa = XCBuildConfiguration;
			buildSettings = {
				CODE_SIGN_STYLE = Automatic;
				CURRENT_PROJECT_VERSION = 1;
				DEVELOPMENT_TEAM = 345FY7Y564;
				GENERATE_INFOPLIST_FILE = YES;
				MARKETING_VERSION = 1.0;
				PRODUCT_BUNDLE_IDENTIFIER = azmal.DriveMateUITests;
				PRODUCT_NAME = "$(TARGET_NAME)";
				SWIFT_EMIT_LOC_STRINGS = NO;
				SWIFT_VERSION = 5.0;
				TARGETED_DEVICE_FAMILY = "1,2";
				TEST_TARGET_NAME = DriveMate;
			};
			name = Release;
		};
/* End XCBuildConfiguration section */

/* Begin XCConfigurationList section */
		915C9EDC2D09918800EA3D81 /* Build configuration list for PBXProject "DriveMate" */ = {
			isa = XCConfigurationList;
			buildConfigurations = (
				915C9F032D09918A00EA3D81 /* Debug */,
				915C9F042D09918A00EA3D81 /* Release */,
			);
			defaultConfigurationIsVisible = 0;
			defaultConfigurationName = Release;
		};
		915C9F052D09918A00EA3D81 /* Build configuration list for PBXNativeTarget "DriveMate" */ = {
			isa = XCConfigurationList;
			buildConfigurations = (
				915C9F062D09918A00EA3D81 /* Debug */,
				915C9F072D09918A00EA3D81 /* Release */,
			);
			defaultConfigurationIsVisible = 0;
			defaultConfigurationName = Release;
		};
		915C9F082D09918A00EA3D81 /* Build configuration list for PBXNativeTarget "DriveMateTests" */ = {
			isa = XCConfigurationList;
			buildConfigurations = (
				915C9F092D09918A00EA3D81 /* Debug */,
				915C9F0A2D09918A00EA3D81 /* Release */,
			);
			defaultConfigurationIsVisible = 0;
			defaultConfigurationName = Release;
		};
		915C9F0B2D09918A00EA3D81 /* Build configuration list for PBXNativeTarget "DriveMateUITests" */ = {
			isa = XCConfigurationList;
			buildConfigurations = (
				915C9F0C2D09918A00EA3D81 /* Debug */,
				915C9F0D2D09918A00EA3D81 /* Release */,
			);
			defaultConfigurationIsVisible = 0;
			defaultConfigurationName = Release;
		};
/* End XCConfigurationList section */
	};
	rootObject = 915C9ED92D09918800EA3D81 /* Project object */;
}
